{
    "jacocoAgent": {
        "org.jacoco:org.jacoco.agent": {
            "locked": "0.8.1",
            "requested": "0.8.1"
        }
    },
    "jacocoAnt": {
        "org.jacoco:org.jacoco.ant": {
<<<<<<< HEAD
            "locked": "0.8.1",
            "requested": "0.8.1"
=======
            "locked": "0.8.1"
>>>>>>> e7e42390f4594c70ca43170dc1af02e6c25b8052
        }
    }
}