{
    "jacocoAgent": {
        "org.jacoco:org.jacoco.agent": {
            "locked": "0.8.1",
            "requested": "0.8.1"
        }
    },
    "jacocoAnt": {
        "org.jacoco:org.jacoco.ant": {
<<<<<<< HEAD
            "locked": "0.8.1",
            "requested": "0.8.1"
=======
            "locked": "0.8.1"
>>>>>>> e7e42390f4594c70ca43170dc1af02e6c25b8052
        }
    },
    "testCompile": {
        "junit:junit": {
            "locked": "4.12",
            "requested": "4.12"
        },
        "org.mockito:mockito-core": {
<<<<<<< HEAD
            "locked": "1.10.19",
            "requested": "1.10.19"
=======
            "locked": "3.1.0",
            "requested": "3.1.0"
>>>>>>> e7e42390f4594c70ca43170dc1af02e6c25b8052
        }
    },
    "testCompileClasspath": {
        "junit:junit": {
            "locked": "4.12",
            "requested": "4.12"
        },
        "org.mockito:mockito-core": {
<<<<<<< HEAD
            "locked": "1.10.19",
            "requested": "1.10.19"
=======
            "locked": "3.1.0",
            "requested": "3.1.0"
>>>>>>> e7e42390f4594c70ca43170dc1af02e6c25b8052
        }
    },
    "testRuntime": {
        "junit:junit": {
            "locked": "4.12",
            "requested": "4.12"
        },
        "org.mockito:mockito-core": {
<<<<<<< HEAD
            "locked": "1.10.19",
            "requested": "1.10.19"
=======
            "locked": "3.1.0",
            "requested": "3.1.0"
>>>>>>> e7e42390f4594c70ca43170dc1af02e6c25b8052
        }
    },
    "testRuntimeClasspath": {
        "junit:junit": {
            "locked": "4.12",
            "requested": "4.12"
        },
        "org.mockito:mockito-core": {
<<<<<<< HEAD
            "locked": "1.10.19",
            "requested": "1.10.19"
=======
            "locked": "3.1.0",
            "requested": "3.1.0"
>>>>>>> e7e42390f4594c70ca43170dc1af02e6c25b8052
        }
    }
}